
Microsoft Visual Studio Solution File, Format Version 12.00
# Visual Studio Version 17
VisualStudioVersion = 17.3.32929.385
MinimumVisualStudioVersion = 10.0.40219.1
Project("{FAE04EC0-301F-11D3-BF4B-00C04F79EFBC}") = "ITLabs_Code_Challenge", "ITLabs_Code_Challenge\ITLabs_Code_Challenge.csproj", "{6A93DEB4-F5EC-4CFF-8B82-6C7027741F81}"
EndProject
Project("{FAE04EC0-301F-11D3-BF4B-00C04F79EFBC}") = "Code_Challenge_Test", "Code_Challenge_Test\Code_Challenge_Test.csproj", "{6DA11B6B-D158-431D-9241-F6AE45375C86}"
EndProject
Global
	GlobalSection(SolutionConfigurationPlatforms) = preSolution
		Debug|Any CPU = Debug|Any CPU
		Release|Any CPU = Release|Any CPU
	EndGlobalSection
	GlobalSection(ProjectConfigurationPlatforms) = postSolution
		{6A93DEB4-F5EC-4CFF-8B82-6C7027741F81}.Debug|Any CPU.ActiveCfg = Debug|Any CPU
		{6A93DEB4-F5EC-4CFF-8B82-6C7027741F81}.Debug|Any CPU.Build.0 = Debug|Any CPU
		{6A93DEB4-F5EC-4CFF-8B82-6C7027741F81}.Release|Any CPU.ActiveCfg = Release|Any CPU
		{6A93DEB4-F5EC-4CFF-8B82-6C7027741F81}.Release|Any CPU.Build.0 = Release|Any CPU
		{6DA11B6B-D158-431D-9241-F6AE45375C86}.Debug|Any CPU.ActiveCfg = Debug|Any CPU
		{6DA11B6B-D158-431D-9241-F6AE45375C86}.Debug|Any CPU.Build.0 = Debug|Any CPU
		{6DA11B6B-D158-431D-9241-F6AE45375C86}.Release|Any CPU.ActiveCfg = Release|Any CPU
		{6DA11B6B-D158-431D-9241-F6AE45375C86}.Release|Any CPU.Build.0 = Release|Any CPU
	EndGlobalSection
	GlobalSection(SolutionProperties) = preSolution
		HideSolutionNode = FALSE
	EndGlobalSection
	GlobalSection(ExtensibilityGlobals) = postSolution
		SolutionGuid = {47E5E36E-0A20-4F35-9CFD-B89029364831}
	EndGlobalSection
EndGlobal
